
Microsoft Visual Studio Solution File, Format Version 12.00
# Visual Studio Version 17
VisualStudioVersion = 17.7.34031.279
MinimumVisualStudioVersion = 10.0.40219.1
Project("{2150E333-8FDC-42A3-9474-1A3956D46DE8}") = "1.API", "1.API", "{191B5312-F484-43E6-8DFE-78DF9ECE713F}"
EndProject
Project("{9A19103F-16F7-4668-BE54-9A1E7A4F7556}") = "NoteAPI.API", "NoteAPI\NoteAPI\NoteAPI.API\NoteAPI.API.csproj", "{2B1677B8-C81F-4659-B23D-C82723C81075}"
EndProject
Project("{9A19103F-16F7-4668-BE54-9A1E7A4F7556}") = "NoteAPI.API.Common", "NoteAPI\NoteAPI\NoteAPI.API.Common\NoteAPI.API.Common.csproj", "{B06808E7-6F25-4205-B1D4-AAB3BBBF7F72}"
EndProject
Project("{9A19103F-16F7-4668-BE54-9A1E7A4F7556}") = "NoteAPI.API.DataContracts", "NoteAPI\NoteAPI\NoteAPI.API.DataContracts\NoteAPI.API.DataContracts.csproj", "{0EB5C44D-8A40-4E36-86B2-5981679AC5FD}"
EndProject
Project("{2150E333-8FDC-42A3-9474-1A3956D46DE8}") = "01.Common", "01.Common", "{CAB9227F-C641-44C7-804E-D2C2ECEDB11B}"
EndProject
Project("{9A19103F-16F7-4668-BE54-9A1E7A4F7556}") = "NoteAPI.IoC.Configuration", "NoteAPI\NoteAPI\NoteAPI.IoC.Configuration\NoteAPI.IoC.Configuration.csproj", "{CA941949-0593-4D9C-AE80-10A6CFE2D345}"
EndProject
Project("{9A19103F-16F7-4668-BE54-9A1E7A4F7556}") = "NoteAPI.Tools", "NoteAPI\NoteAPI\NoteAPI.Tools\NoteAPI.Tools.csproj", "{59088C57-7119-405E-9090-0AC1B055CB4D}"
EndProject
Project("{2150E333-8FDC-42A3-9474-1A3956D46DE8}") = "2.Services", "2.Services", "{06DAE591-894F-4BB7-9807-3FA8768F2808}"
EndProject
Project("{9A19103F-16F7-4668-BE54-9A1E7A4F7556}") = "NoteAPI.Services", "NoteAPI\NoteAPI\NoteAPI.Services\NoteAPI.Services.csproj", "{B3E3EE80-D856-477E-B44A-D72411236E04}"
EndProject
Project("{2150E333-8FDC-42A3-9474-1A3956D46DE8}") = "3.Repositories", "3.Repositories", "{CD09DB9E-8AFF-4D5A-8B17-D5B4920DAAC6}"
EndProject
Project("{FAE04EC0-301F-11D3-BF4B-00C04F79EFBC}") = "NoteAPI.Repo.SqlDatabase", "NoteAPI\NoteAPI\NoteAPI.Repo.SqlDatabase\NoteAPI.Repo.SqlDatabase.csproj", "{CE3A497A-653A-F711-D1D1-FC244CD31D10}"
EndProject
Global
	GlobalSection(SolutionConfigurationPlatforms) = preSolution
		Debug|Any CPU = Debug|Any CPU
		Release|Any CPU = Release|Any CPU
	EndGlobalSection
	GlobalSection(ProjectConfigurationPlatforms) = postSolution
		{2B1677B8-C81F-4659-B23D-C82723C81075}.Debug|Any CPU.ActiveCfg = Debug|Any CPU
		{2B1677B8-C81F-4659-B23D-C82723C81075}.Debug|Any CPU.Build.0 = Debug|Any CPU
		{2B1677B8-C81F-4659-B23D-C82723C81075}.Release|Any CPU.ActiveCfg = Release|Any CPU
		{2B1677B8-C81F-4659-B23D-C82723C81075}.Release|Any CPU.Build.0 = Release|Any CPU
		{B06808E7-6F25-4205-B1D4-AAB3BBBF7F72}.Debug|Any CPU.ActiveCfg = Debug|Any CPU
		{B06808E7-6F25-4205-B1D4-AAB3BBBF7F72}.Debug|Any CPU.Build.0 = Debug|Any CPU
		{B06808E7-6F25-4205-B1D4-AAB3BBBF7F72}.Release|Any CPU.ActiveCfg = Release|Any CPU
		{B06808E7-6F25-4205-B1D4-AAB3BBBF7F72}.Release|Any CPU.Build.0 = Release|Any CPU
		{0EB5C44D-8A40-4E36-86B2-5981679AC5FD}.Debug|Any CPU.ActiveCfg = Debug|Any CPU
		{0EB5C44D-8A40-4E36-86B2-5981679AC5FD}.Debug|Any CPU.Build.0 = Debug|Any CPU
		{0EB5C44D-8A40-4E36-86B2-5981679AC5FD}.Release|Any CPU.ActiveCfg = Release|Any CPU
		{0EB5C44D-8A40-4E36-86B2-5981679AC5FD}.Release|Any CPU.Build.0 = Release|Any CPU
		{CA941949-0593-4D9C-AE80-10A6CFE2D345}.Debug|Any CPU.ActiveCfg = Debug|Any CPU
		{CA941949-0593-4D9C-AE80-10A6CFE2D345}.Debug|Any CPU.Build.0 = Debug|Any CPU
		{CA941949-0593-4D9C-AE80-10A6CFE2D345}.Release|Any CPU.ActiveCfg = Release|Any CPU
		{CA941949-0593-4D9C-AE80-10A6CFE2D345}.Release|Any CPU.Build.0 = Release|Any CPU
		{59088C57-7119-405E-9090-0AC1B055CB4D}.Debug|Any CPU.ActiveCfg = Debug|Any CPU
		{59088C57-7119-405E-9090-0AC1B055CB4D}.Debug|Any CPU.Build.0 = Debug|Any CPU
		{59088C57-7119-405E-9090-0AC1B055CB4D}.Release|Any CPU.ActiveCfg = Release|Any CPU
		{59088C57-7119-405E-9090-0AC1B055CB4D}.Release|Any CPU.Build.0 = Release|Any CPU
		{B3E3EE80-D856-477E-B44A-D72411236E04}.Debug|Any CPU.ActiveCfg = Debug|Any CPU
		{B3E3EE80-D856-477E-B44A-D72411236E04}.Debug|Any CPU.Build.0 = Debug|Any CPU
		{B3E3EE80-D856-477E-B44A-D72411236E04}.Release|Any CPU.ActiveCfg = Release|Any CPU
		{B3E3EE80-D856-477E-B44A-D72411236E04}.Release|Any CPU.Build.0 = Release|Any CPU
		{CE3A497A-653A-F711-D1D1-FC244CD31D10}.Debug|Any CPU.ActiveCfg = Debug|Any CPU
		{CE3A497A-653A-F711-D1D1-FC244CD31D10}.Debug|Any CPU.Build.0 = Debug|Any CPU
		{CE3A497A-653A-F711-D1D1-FC244CD31D10}.Release|Any CPU.ActiveCfg = Release|Any CPU
		{CE3A497A-653A-F711-D1D1-FC244CD31D10}.Release|Any CPU.Build.0 = Release|Any CPU
	EndGlobalSection
	GlobalSection(SolutionProperties) = preSolution
		HideSolutionNode = FALSE
	EndGlobalSection
	GlobalSection(NestedProjects) = preSolution
		{2B1677B8-C81F-4659-B23D-C82723C81075} = {191B5312-F484-43E6-8DFE-78DF9ECE713F}
		{B06808E7-6F25-4205-B1D4-AAB3BBBF7F72} = {191B5312-F484-43E6-8DFE-78DF9ECE713F}
		{0EB5C44D-8A40-4E36-86B2-5981679AC5FD} = {191B5312-F484-43E6-8DFE-78DF9ECE713F}
		{CA941949-0593-4D9C-AE80-10A6CFE2D345} = {CAB9227F-C641-44C7-804E-D2C2ECEDB11B}
		{59088C57-7119-405E-9090-0AC1B055CB4D} = {CAB9227F-C641-44C7-804E-D2C2ECEDB11B}
		{B3E3EE80-D856-477E-B44A-D72411236E04} = {06DAE591-894F-4BB7-9807-3FA8768F2808}
		{CE3A497A-653A-F711-D1D1-FC244CD31D10} = {CD09DB9E-8AFF-4D5A-8B17-D5B4920DAAC6}
	EndGlobalSection
	GlobalSection(ExtensibilityGlobals) = postSolution
		SolutionGuid = {D88CACA8-D1F7-4512-ABB9-F5A9458CBEAE}
	EndGlobalSection
EndGlobal
